// !$*UTF8*$!
{
	archiveVersion = 1;
	classes = {
	};
	objectVersion = 46;
	objects = {

/* Begin PBXBuildFile section */
		4503C0161C6A22B9002E6A7E /* StatusTableViewBottomView.swift in Sources */ = {isa = PBXBuildFile; fileRef = 4503C0151C6A22B9002E6A7E /* StatusTableViewBottomView.swift */; };
		4503C01C1C6A25CB002E6A7E /* StatusTableViewCell.swift in Sources */ = {isa = PBXBuildFile; fileRef = 4503C01B1C6A25CB002E6A7E /* StatusTableViewCell.swift */; };
		4503C01E1C6A2663002E6A7E /* StatusTableViewTopView.swift in Sources */ = {isa = PBXBuildFile; fileRef = 4503C01D1C6A2663002E6A7E /* StatusTableViewTopView.swift */; };
		4503C0201C6A26A0002E6A7E /* StatusPictureView.swift in Sources */ = {isa = PBXBuildFile; fileRef = 4503C01F1C6A26A0002E6A7E /* StatusPictureView.swift */; };
		4503C0291C6A2864002E6A7E /* String+Category.swift in Sources */ = {isa = PBXBuildFile; fileRef = 4503C0261C6A2864002E6A7E /* String+Category.swift */; };
		4503C02A1C6A2864002E6A7E /* UIButton+Category.swift in Sources */ = {isa = PBXBuildFile; fileRef = 4503C0271C6A2864002E6A7E /* UIButton+Category.swift */; };
		4503C02B1C6A2864002E6A7E /* UILabel+Category.swift in Sources */ = {isa = PBXBuildFile; fileRef = 4503C0281C6A2864002E6A7E /* UILabel+Category.swift */; };
		4503C02D1C6A28CF002E6A7E /* NSDate+Category.swift in Sources */ = {isa = PBXBuildFile; fileRef = 4503C02C1C6A28CF002E6A7E /* NSDate+Category.swift */; };
		4504D9481C4E70B6006AE185 /* AppDelegate.swift in Sources */ = {isa = PBXBuildFile; fileRef = 4504D9471C4E70B6006AE185 /* AppDelegate.swift */; };
		4504D94F1C4E70B6006AE185 /* Assets.xcassets in Resources */ = {isa = PBXBuildFile; fileRef = 4504D94E1C4E70B6006AE185 /* Assets.xcassets */; };
		4504D95D1C4E70B6006AE185 /* JYWeibo_SwiftTests.swift in Sources */ = {isa = PBXBuildFile; fileRef = 4504D95C1C4E70B6006AE185 /* JYWeibo_SwiftTests.swift */; };
		4504D9681C4E70B6006AE185 /* JYWeibo_SwiftUITests.swift in Sources */ = {isa = PBXBuildFile; fileRef = 4504D9671C4E70B6006AE185 /* JYWeibo_SwiftUITests.swift */; };
		4504D9801C4E7353006AE185 /* MainViewController.swift in Sources */ = {isa = PBXBuildFile; fileRef = 4504D97F1C4E7353006AE185 /* MainViewController.swift */; };
		4504D98A1C4E8138006AE185 /* DiscoverViewController.swift in Sources */ = {isa = PBXBuildFile; fileRef = 4504D9891C4E8138006AE185 /* DiscoverViewController.swift */; };
		4504D98C1C4E8142006AE185 /* HomeViewController.swift in Sources */ = {isa = PBXBuildFile; fileRef = 4504D98B1C4E8142006AE185 /* HomeViewController.swift */; };
		4504D98E1C4E814C006AE185 /* MessageViewController.swift in Sources */ = {isa = PBXBuildFile; fileRef = 4504D98D1C4E814C006AE185 /* MessageViewController.swift */; };
		4504D9901C4E8156006AE185 /* ProfileViewController.swift in Sources */ = {isa = PBXBuildFile; fileRef = 4504D98F1C4E8156006AE185 /* ProfileViewController.swift */; };
		4504D9921C4FCCBB006AE185 /* BaseTableViewController.swift in Sources */ = {isa = PBXBuildFile; fileRef = 4504D9911C4FCCBB006AE185 /* BaseTableViewController.swift */; };
		4504D9941C4FCFAA006AE185 /* VisitorView.swift in Sources */ = {isa = PBXBuildFile; fileRef = 4504D9931C4FCFAA006AE185 /* VisitorView.swift */; };
		45174B1D1C5A5EE500B6545C /* PopoverPresentationController.swift in Sources */ = {isa = PBXBuildFile; fileRef = 45174B1C1C5A5EE500B6545C /* PopoverPresentationController.swift */; };
		45174B251C5A75FD00B6545C /* PopoverAnimator.swift in Sources */ = {isa = PBXBuildFile; fileRef = 45174B241C5A75FD00B6545C /* PopoverAnimator.swift */; };
		452B2B661C5D25B800B6D083 /* UserAccount.swift in Sources */ = {isa = PBXBuildFile; fileRef = 452B2B651C5D25B800B6D083 /* UserAccount.swift */; };
		452B2B6B1C5DB8F000B6D083 /* NewfeatureCollectionViewController.swift in Sources */ = {isa = PBXBuildFile; fileRef = 452B2B6A1C5DB8F000B6D083 /* NewfeatureCollectionViewController.swift */; };
		452B2B6D1C5DBFBF00B6D083 /* WelcomeViewController.swift in Sources */ = {isa = PBXBuildFile; fileRef = 452B2B6C1C5DBFBF00B6D083 /* WelcomeViewController.swift */; };
		457F91741C79EF460060A1D8 /* StatusNormalTableViewCell.swift in Sources */ = {isa = PBXBuildFile; fileRef = 457F91731C79EF460060A1D8 /* StatusNormalTableViewCell.swift */; };
		457F91761C79EFFB0060A1D8 /* StatusForwardTableViewCell.swift in Sources */ = {isa = PBXBuildFile; fileRef = 457F91751C79EFFB0060A1D8 /* StatusForwardTableViewCell.swift */; };
		458AFFED1C5AEFB4000CAF1C /* PopoverViewController.swift in Sources */ = {isa = PBXBuildFile; fileRef = 458AFFEC1C5AEFB4000CAF1C /* PopoverViewController.swift */; };
		45A570CC1C5CB60D005E3A3E /* OAuthViewController.swift in Sources */ = {isa = PBXBuildFile; fileRef = 45A570CB1C5CB60D005E3A3E /* OAuthViewController.swift */; };
		45AD2F7A1C7B58AE00CB4B8C /* HomeRefreshControl.swift in Sources */ = {isa = PBXBuildFile; fileRef = 45AD2F791C7B58AE00CB4B8C /* HomeRefreshControl.swift */; };
		45C2A79E1C56712D001E3CD7 /* UIBarButtonItem+Category.swift in Sources */ = {isa = PBXBuildFile; fileRef = 45C2A79D1C56712D001E3CD7 /* UIBarButtonItem+Category.swift */; };
		45C2A7A01C567790001E3CD7 /* TitleButton.swift in Sources */ = {isa = PBXBuildFile; fileRef = 45C2A79F1C567790001E3CD7 /* TitleButton.swift */; };
		45C71FE81C5FA9510043BB47 /* Status.swift in Sources */ = {isa = PBXBuildFile; fileRef = 45C71FE71C5FA9510043BB47 /* Status.swift */; };
		45C71FEA1C5FA9740043BB47 /* User.swift in Sources */ = {isa = PBXBuildFile; fileRef = 45C71FE91C5FA9740043BB47 /* User.swift */; };
		75B80BBCEF06120DD189F637 /* Pods.framework in Frameworks */ = {isa = PBXBuildFile; fileRef = 96CC8988676EC8B2A523E39D /* Pods.framework */; };
/* End PBXBuildFile section */

/* Begin PBXContainerItemProxy section */
		4504D9591C4E70B6006AE185 /* PBXContainerItemProxy */ = {
			isa = PBXContainerItemProxy;
			containerPortal = 4504D93C1C4E70B6006AE185 /* Project object */;
			proxyType = 1;
			remoteGlobalIDString = 4504D9431C4E70B6006AE185;
			remoteInfo = "JYWeibo-Swift";
		};
		4504D9641C4E70B6006AE185 /* PBXContainerItemProxy */ = {
			isa = PBXContainerItemProxy;
			containerPortal = 4504D93C1C4E70B6006AE185 /* Project object */;
			proxyType = 1;
			remoteGlobalIDString = 4504D9431C4E70B6006AE185;
			remoteInfo = "JYWeibo-Swift";
		};
/* End PBXContainerItemProxy section */

/* Begin PBXFileReference section */
		4503C0151C6A22B9002E6A7E /* StatusTableViewBottomView.swift */ = {isa = PBXFileReference; fileEncoding = 4; lastKnownFileType = sourcecode.swift; path = StatusTableViewBottomView.swift; sourceTree = "<group>"; };
		4503C01B1C6A25CB002E6A7E /* StatusTableViewCell.swift */ = {isa = PBXFileReference; fileEncoding = 4; lastKnownFileType = sourcecode.swift; path = StatusTableViewCell.swift; sourceTree = "<group>"; };
		4503C01D1C6A2663002E6A7E /* StatusTableViewTopView.swift */ = {isa = PBXFileReference; fileEncoding = 4; lastKnownFileType = sourcecode.swift; path = StatusTableViewTopView.swift; sourceTree = "<group>"; };
		4503C01F1C6A26A0002E6A7E /* StatusPictureView.swift */ = {isa = PBXFileReference; fileEncoding = 4; lastKnownFileType = sourcecode.swift; path = StatusPictureView.swift; sourceTree = "<group>"; };
		4503C0261C6A2864002E6A7E /* String+Category.swift */ = {isa = PBXFileReference; fileEncoding = 4; lastKnownFileType = sourcecode.swift; path = "String+Category.swift"; sourceTree = "<group>"; };
		4503C0271C6A2864002E6A7E /* UIButton+Category.swift */ = {isa = PBXFileReference; fileEncoding = 4; lastKnownFileType = sourcecode.swift; path = "UIButton+Category.swift"; sourceTree = "<group>"; };
		4503C0281C6A2864002E6A7E /* UILabel+Category.swift */ = {isa = PBXFileReference; fileEncoding = 4; lastKnownFileType = sourcecode.swift; path = "UILabel+Category.swift"; sourceTree = "<group>"; };
		4503C02C1C6A28CF002E6A7E /* NSDate+Category.swift */ = {isa = PBXFileReference; fileEncoding = 4; lastKnownFileType = sourcecode.swift; path = "NSDate+Category.swift"; sourceTree = "<group>"; };
		4504D9441C4E70B6006AE185 /* JYWeibo-Swift.app */ = {isa = PBXFileReference; explicitFileType = wrapper.application; includeInIndex = 0; path = "JYWeibo-Swift.app"; sourceTree = BUILT_PRODUCTS_DIR; };
		4504D9471C4E70B6006AE185 /* AppDelegate.swift */ = {isa = PBXFileReference; lastKnownFileType = sourcecode.swift; path = AppDelegate.swift; sourceTree = "<group>"; };
		4504D94E1C4E70B6006AE185 /* Assets.xcassets */ = {isa = PBXFileReference; lastKnownFileType = folder.assetcatalog; path = Assets.xcassets; sourceTree = "<group>"; };
		4504D9531C4E70B6006AE185 /* Info.plist */ = {isa = PBXFileReference; lastKnownFileType = text.plist.xml; path = Info.plist; sourceTree = "<group>"; };
		4504D9581C4E70B6006AE185 /* JYWeibo-SwiftTests.xctest */ = {isa = PBXFileReference; explicitFileType = wrapper.cfbundle; includeInIndex = 0; path = "JYWeibo-SwiftTests.xctest"; sourceTree = BUILT_PRODUCTS_DIR; };
		4504D95C1C4E70B6006AE185 /* JYWeibo_SwiftTests.swift */ = {isa = PBXFileReference; lastKnownFileType = sourcecode.swift; path = JYWeibo_SwiftTests.swift; sourceTree = "<group>"; };
		4504D95E1C4E70B6006AE185 /* Info.plist */ = {isa = PBXFileReference; lastKnownFileType = text.plist.xml; path = Info.plist; sourceTree = "<group>"; };
		4504D9631C4E70B6006AE185 /* JYWeibo-SwiftUITests.xctest */ = {isa = PBXFileReference; explicitFileType = wrapper.cfbundle; includeInIndex = 0; path = "JYWeibo-SwiftUITests.xctest"; sourceTree = BUILT_PRODUCTS_DIR; };
		4504D9671C4E70B6006AE185 /* JYWeibo_SwiftUITests.swift */ = {isa = PBXFileReference; lastKnownFileType = sourcecode.swift; path = JYWeibo_SwiftUITests.swift; sourceTree = "<group>"; };
		4504D9691C4E70B6006AE185 /* Info.plist */ = {isa = PBXFileReference; lastKnownFileType = text.plist.xml; path = Info.plist; sourceTree = "<group>"; };
		4504D97F1C4E7353006AE185 /* MainViewController.swift */ = {isa = PBXFileReference; fileEncoding = 4; lastKnownFileType = sourcecode.swift; path = MainViewController.swift; sourceTree = "<group>"; };
		4504D9891C4E8138006AE185 /* DiscoverViewController.swift */ = {isa = PBXFileReference; fileEncoding = 4; lastKnownFileType = sourcecode.swift; path = DiscoverViewController.swift; sourceTree = "<group>"; };
		4504D98B1C4E8142006AE185 /* HomeViewController.swift */ = {isa = PBXFileReference; fileEncoding = 4; lastKnownFileType = sourcecode.swift; path = HomeViewController.swift; sourceTree = "<group>"; };
		4504D98D1C4E814C006AE185 /* MessageViewController.swift */ = {isa = PBXFileReference; fileEncoding = 4; lastKnownFileType = sourcecode.swift; path = MessageViewController.swift; sourceTree = "<group>"; };
		4504D98F1C4E8156006AE185 /* ProfileViewController.swift */ = {isa = PBXFileReference; fileEncoding = 4; lastKnownFileType = sourcecode.swift; path = ProfileViewController.swift; sourceTree = "<group>"; };
		4504D9911C4FCCBB006AE185 /* BaseTableViewController.swift */ = {isa = PBXFileReference; fileEncoding = 4; lastKnownFileType = sourcecode.swift; path = BaseTableViewController.swift; sourceTree = "<group>"; };
		4504D9931C4FCFAA006AE185 /* VisitorView.swift */ = {isa = PBXFileReference; fileEncoding = 4; lastKnownFileType = sourcecode.swift; path = VisitorView.swift; sourceTree = "<group>"; };
		45174B1C1C5A5EE500B6545C /* PopoverPresentationController.swift */ = {isa = PBXFileReference; fileEncoding = 4; lastKnownFileType = sourcecode.swift; path = PopoverPresentationController.swift; sourceTree = "<group>"; };
		45174B241C5A75FD00B6545C /* PopoverAnimator.swift */ = {isa = PBXFileReference; fileEncoding = 4; lastKnownFileType = sourcecode.swift; path = PopoverAnimator.swift; sourceTree = "<group>"; };
		452B2B651C5D25B800B6D083 /* UserAccount.swift */ = {isa = PBXFileReference; fileEncoding = 4; lastKnownFileType = sourcecode.swift; path = UserAccount.swift; sourceTree = "<group>"; };
		452B2B6A1C5DB8F000B6D083 /* NewfeatureCollectionViewController.swift */ = {isa = PBXFileReference; fileEncoding = 4; lastKnownFileType = sourcecode.swift; path = NewfeatureCollectionViewController.swift; sourceTree = "<group>"; };
		452B2B6C1C5DBFBF00B6D083 /* WelcomeViewController.swift */ = {isa = PBXFileReference; fileEncoding = 4; lastKnownFileType = sourcecode.swift; path = WelcomeViewController.swift; sourceTree = "<group>"; };
		457F91731C79EF460060A1D8 /* StatusNormalTableViewCell.swift */ = {isa = PBXFileReference; fileEncoding = 4; lastKnownFileType = sourcecode.swift; path = StatusNormalTableViewCell.swift; sourceTree = "<group>"; };
		457F91751C79EFFB0060A1D8 /* StatusForwardTableViewCell.swift */ = {isa = PBXFileReference; fileEncoding = 4; lastKnownFileType = sourcecode.swift; path = StatusForwardTableViewCell.swift; sourceTree = "<group>"; };
		458AFFEC1C5AEFB4000CAF1C /* PopoverViewController.swift */ = {isa = PBXFileReference; fileEncoding = 4; lastKnownFileType = sourcecode.swift; path = PopoverViewController.swift; sourceTree = "<group>"; };
		45A570CB1C5CB60D005E3A3E /* OAuthViewController.swift */ = {isa = PBXFileReference; fileEncoding = 4; lastKnownFileType = sourcecode.swift; path = OAuthViewController.swift; sourceTree = "<group>"; };
		45AD2F791C7B58AE00CB4B8C /* HomeRefreshControl.swift */ = {isa = PBXFileReference; fileEncoding = 4; lastKnownFileType = sourcecode.swift; path = HomeRefreshControl.swift; sourceTree = "<group>"; };
		45C2A79D1C56712D001E3CD7 /* UIBarButtonItem+Category.swift */ = {isa = PBXFileReference; fileEncoding = 4; lastKnownFileType = sourcecode.swift; path = "UIBarButtonItem+Category.swift"; sourceTree = "<group>"; };
		45C2A79F1C567790001E3CD7 /* TitleButton.swift */ = {isa = PBXFileReference; fileEncoding = 4; lastKnownFileType = sourcecode.swift; path = TitleButton.swift; sourceTree = "<group>"; };
		45C71FE71C5FA9510043BB47 /* Status.swift */ = {isa = PBXFileReference; fileEncoding = 4; lastKnownFileType = sourcecode.swift; path = Status.swift; sourceTree = "<group>"; };
		45C71FE91C5FA9740043BB47 /* User.swift */ = {isa = PBXFileReference; fileEncoding = 4; lastKnownFileType = sourcecode.swift; path = User.swift; sourceTree = "<group>"; };
		5874E83C312D8EEC9473F5B5 /* Pods.release.xcconfig */ = {isa = PBXFileReference; includeInIndex = 1; lastKnownFileType = text.xcconfig; name = Pods.release.xcconfig; path = "Pods/Target Support Files/Pods/Pods.release.xcconfig"; sourceTree = "<group>"; };
		96CC8988676EC8B2A523E39D /* Pods.framework */ = {isa = PBXFileReference; explicitFileType = wrapper.framework; includeInIndex = 0; path = Pods.framework; sourceTree = BUILT_PRODUCTS_DIR; };
		DC46E8F7BB2C4D280D7CED94 /* Pods.debug.xcconfig */ = {isa = PBXFileReference; includeInIndex = 1; lastKnownFileType = text.xcconfig; name = Pods.debug.xcconfig; path = "Pods/Target Support Files/Pods/Pods.debug.xcconfig"; sourceTree = "<group>"; };
/* End PBXFileReference section */

/* Begin PBXFrameworksBuildPhase section */
		4504D9411C4E70B6006AE185 /* Frameworks */ = {
			isa = PBXFrameworksBuildPhase;
			buildActionMask = 2147483647;
			files = (
				75B80BBCEF06120DD189F637 /* Pods.framework in Frameworks */,
			);
			runOnlyForDeploymentPostprocessing = 0;
		};
		4504D9551C4E70B6006AE185 /* Frameworks */ = {
			isa = PBXFrameworksBuildPhase;
			buildActionMask = 2147483647;
			files = (
			);
			runOnlyForDeploymentPostprocessing = 0;
		};
		4504D9601C4E70B6006AE185 /* Frameworks */ = {
			isa = PBXFrameworksBuildPhase;
			buildActionMask = 2147483647;
			files = (
			);
			runOnlyForDeploymentPostprocessing = 0;
		};
/* End PBXFrameworksBuildPhase section */

/* Begin PBXGroup section */
		4503C0251C6A2864002E6A7E /* Tools */ = {
			isa = PBXGroup;
			children = (
				4503C0261C6A2864002E6A7E /* String+Category.swift */,
				4503C0271C6A2864002E6A7E /* UIButton+Category.swift */,
				4503C0281C6A2864002E6A7E /* UILabel+Category.swift */,
				4503C02C1C6A28CF002E6A7E /* NSDate+Category.swift */,
			);
			path = Tools;
			sourceTree = "<group>";
		};
		4504D93B1C4E70B6006AE185 = {
			isa = PBXGroup;
			children = (
				4504D9461C4E70B6006AE185 /* JYWeibo-Swift */,
				4504D95B1C4E70B6006AE185 /* JYWeibo-SwiftTests */,
				4504D9661C4E70B6006AE185 /* JYWeibo-SwiftUITests */,
				4504D9451C4E70B6006AE185 /* Products */,
				F360652218D973C905F817D6 /* Pods */,
				695F395C6C8A3A22BFD62099 /* Frameworks */,
			);
			sourceTree = "<group>";
		};
		4504D9451C4E70B6006AE185 /* Products */ = {
			isa = PBXGroup;
			children = (
				4504D9441C4E70B6006AE185 /* JYWeibo-Swift.app */,
				4504D9581C4E70B6006AE185 /* JYWeibo-SwiftTests.xctest */,
				4504D9631C4E70B6006AE185 /* JYWeibo-SwiftUITests.xctest */,
			);
			name = Products;
			sourceTree = "<group>";
		};
		4504D9461C4E70B6006AE185 /* JYWeibo-Swift */ = {
			isa = PBXGroup;
			children = (
				4504D9471C4E70B6006AE185 /* AppDelegate.swift */,
				4504D9751C4E72D1006AE185 /* Classes */,
				4504D94E1C4E70B6006AE185 /* Assets.xcassets */,
				4504D9531C4E70B6006AE185 /* Info.plist */,
			);
			path = "JYWeibo-Swift";
			sourceTree = "<group>";
		};
		4504D95B1C4E70B6006AE185 /* JYWeibo-SwiftTests */ = {
			isa = PBXGroup;
			children = (
				4504D95C1C4E70B6006AE185 /* JYWeibo_SwiftTests.swift */,
				4504D95E1C4E70B6006AE185 /* Info.plist */,
			);
			path = "JYWeibo-SwiftTests";
			sourceTree = "<group>";
		};
		4504D9661C4E70B6006AE185 /* JYWeibo-SwiftUITests */ = {
			isa = PBXGroup;
			children = (
				4504D9671C4E70B6006AE185 /* JYWeibo_SwiftUITests.swift */,
				4504D9691C4E70B6006AE185 /* Info.plist */,
			);
			path = "JYWeibo-SwiftUITests";
			sourceTree = "<group>";
		};
		4504D9751C4E72D1006AE185 /* Classes */ = {
			isa = PBXGroup;
			children = (
				452B2B691C5DB8B300B6D083 /* Newfeature */,
				45A570CA1C5CB5D9005E3A3E /* OAuth */,
				4504D9761C4E72D1006AE185 /* Common */,
				4504D9771C4E72D1006AE185 /* Discover */,
				4504D9781C4E72D1006AE185 /* Home */,
				4504D9791C4E72D1006AE185 /* Main */,
				4504D97A1C4E72D1006AE185 /* Message */,
				4504D97B1C4E72D1006AE185 /* Profile */,
				4503C0251C6A2864002E6A7E /* Tools */,
			);
			path = Classes;
			sourceTree = "<group>";
		};
		4504D9761C4E72D1006AE185 /* Common */ = {
			isa = PBXGroup;
			children = (
				45C2A79D1C56712D001E3CD7 /* UIBarButtonItem+Category.swift */,
				45C2A79F1C567790001E3CD7 /* TitleButton.swift */,
			);
			path = Common;
			sourceTree = "<group>";
		};
		4504D9771C4E72D1006AE185 /* Discover */ = {
			isa = PBXGroup;
			children = (
				4504D9891C4E8138006AE185 /* DiscoverViewController.swift */,
			);
			path = Discover;
			sourceTree = "<group>";
		};
		4504D9781C4E72D1006AE185 /* Home */ = {
			isa = PBXGroup;
			children = (
				45174B171C5A5A5F00B6545C /* Popover */,
				4504D98B1C4E8142006AE185 /* HomeViewController.swift */,
				45AD2F791C7B58AE00CB4B8C /* HomeRefreshControl.swift */,
				4503C01B1C6A25CB002E6A7E /* StatusTableViewCell.swift */,
				457F91731C79EF460060A1D8 /* StatusNormalTableViewCell.swift */,
				457F91751C79EFFB0060A1D8 /* StatusForwardTableViewCell.swift */,
				4503C01D1C6A2663002E6A7E /* StatusTableViewTopView.swift */,
				4503C0151C6A22B9002E6A7E /* StatusTableViewBottomView.swift */,
				4503C01F1C6A26A0002E6A7E /* StatusPictureView.swift */,
				45C71FE71C5FA9510043BB47 /* Status.swift */,
				45C71FE91C5FA9740043BB47 /* User.swift */,
			);
			path = Home;
			sourceTree = "<group>";
		};
		4504D9791C4E72D1006AE185 /* Main */ = {
			isa = PBXGroup;
			children = (
				4504D97F1C4E7353006AE185 /* MainViewController.swift */,
				4504D9911C4FCCBB006AE185 /* BaseTableViewController.swift */,
				4504D9931C4FCFAA006AE185 /* VisitorView.swift */,
			);
			path = Main;
			sourceTree = "<group>";
		};
		4504D97A1C4E72D1006AE185 /* Message */ = {
			isa = PBXGroup;
			children = (
				4504D98D1C4E814C006AE185 /* MessageViewController.swift */,
			);
			path = Message;
			sourceTree = "<group>";
		};
		4504D97B1C4E72D1006AE185 /* Profile */ = {
			isa = PBXGroup;
			children = (
				4504D98F1C4E8156006AE185 /* ProfileViewController.swift */,
			);
			path = Profile;
			sourceTree = "<group>";
		};
		45174B171C5A5A5F00B6545C /* Popover */ = {
			isa = PBXGroup;
			children = (
				45174B1C1C5A5EE500B6545C /* PopoverPresentationController.swift */,
				45174B241C5A75FD00B6545C /* PopoverAnimator.swift */,
				458AFFEC1C5AEFB4000CAF1C /* PopoverViewController.swift */,
			);
			path = Popover;
			sourceTree = "<group>";
		};
		452B2B691C5DB8B300B6D083 /* Newfeature */ = {
			isa = PBXGroup;
			children = (
				452B2B6A1C5DB8F000B6D083 /* NewfeatureCollectionViewController.swift */,
				452B2B6C1C5DBFBF00B6D083 /* WelcomeViewController.swift */,
			);
			path = Newfeature;
			sourceTree = "<group>";
		};
		45A570CA1C5CB5D9005E3A3E /* OAuth */ = {
			isa = PBXGroup;
			children = (
				45A570CB1C5CB60D005E3A3E /* OAuthViewController.swift */,
				452B2B651C5D25B800B6D083 /* UserAccount.swift */,
			);
			path = OAuth;
			sourceTree = "<group>";
		};
		695F395C6C8A3A22BFD62099 /* Frameworks */ = {
			isa = PBXGroup;
			children = (
				96CC8988676EC8B2A523E39D /* Pods.framework */,
			);
			name = Frameworks;
			sourceTree = "<group>";
		};
		F360652218D973C905F817D6 /* Pods */ = {
			isa = PBXGroup;
			children = (
				DC46E8F7BB2C4D280D7CED94 /* Pods.debug.xcconfig */,
				5874E83C312D8EEC9473F5B5 /* Pods.release.xcconfig */,
			);
			name = Pods;
			sourceTree = "<group>";
		};
/* End PBXGroup section */

/* Begin PBXNativeTarget section */
		4504D9431C4E70B6006AE185 /* JYWeibo-Swift */ = {
			isa = PBXNativeTarget;
			buildConfigurationList = 4504D96C1C4E70B6006AE185 /* Build configuration list for PBXNativeTarget "JYWeibo-Swift" */;
			buildPhases = (
				F500C454D38D2CE50A8F84FF /* Check Pods Manifest.lock */,
				4504D9401C4E70B6006AE185 /* Sources */,
				4504D9411C4E70B6006AE185 /* Frameworks */,
				4504D9421C4E70B6006AE185 /* Resources */,
				E1AD61105927B6C11B3AC0C5 /* Embed Pods Frameworks */,
				0D61B428726481D622A47BD2 /* Copy Pods Resources */,
			);
			buildRules = (
			);
			dependencies = (
			);
			name = "JYWeibo-Swift";
			productName = "JYWeibo-Swift";
			productReference = 4504D9441C4E70B6006AE185 /* JYWeibo-Swift.app */;
			productType = "com.apple.product-type.application";
		};
		4504D9571C4E70B6006AE185 /* JYWeibo-SwiftTests */ = {
			isa = PBXNativeTarget;
			buildConfigurationList = 4504D96F1C4E70B6006AE185 /* Build configuration list for PBXNativeTarget "JYWeibo-SwiftTests" */;
			buildPhases = (
				4504D9541C4E70B6006AE185 /* Sources */,
				4504D9551C4E70B6006AE185 /* Frameworks */,
				4504D9561C4E70B6006AE185 /* Resources */,
			);
			buildRules = (
			);
			dependencies = (
				4504D95A1C4E70B6006AE185 /* PBXTargetDependency */,
			);
			name = "JYWeibo-SwiftTests";
			productName = "JYWeibo-SwiftTests";
			productReference = 4504D9581C4E70B6006AE185 /* JYWeibo-SwiftTests.xctest */;
			productType = "com.apple.product-type.bundle.unit-test";
		};
		4504D9621C4E70B6006AE185 /* JYWeibo-SwiftUITests */ = {
			isa = PBXNativeTarget;
			buildConfigurationList = 4504D9721C4E70B6006AE185 /* Build configuration list for PBXNativeTarget "JYWeibo-SwiftUITests" */;
			buildPhases = (
				4504D95F1C4E70B6006AE185 /* Sources */,
				4504D9601C4E70B6006AE185 /* Frameworks */,
				4504D9611C4E70B6006AE185 /* Resources */,
			);
			buildRules = (
			);
			dependencies = (
				4504D9651C4E70B6006AE185 /* PBXTargetDependency */,
			);
			name = "JYWeibo-SwiftUITests";
			productName = "JYWeibo-SwiftUITests";
			productReference = 4504D9631C4E70B6006AE185 /* JYWeibo-SwiftUITests.xctest */;
			productType = "com.apple.product-type.bundle.ui-testing";
		};
/* End PBXNativeTarget section */

/* Begin PBXProject section */
		4504D93C1C4E70B6006AE185 /* Project object */ = {
			isa = PBXProject;
			attributes = {
				LastSwiftUpdateCheck = 0720;
				LastUpgradeCheck = 0720;
				ORGANIZATIONNAME = "张建宇";
				TargetAttributes = {
					4504D9431C4E70B6006AE185 = {
						CreatedOnToolsVersion = 7.2;
						DevelopmentTeam = U8U5954S52;
					};
					4504D9571C4E70B6006AE185 = {
						CreatedOnToolsVersion = 7.2;
						DevelopmentTeam = U8U5954S52;
						TestTargetID = 4504D9431C4E70B6006AE185;
					};
					4504D9621C4E70B6006AE185 = {
						CreatedOnToolsVersion = 7.2;
						DevelopmentTeam = U8U5954S52;
						TestTargetID = 4504D9431C4E70B6006AE185;
					};
				};
			};
			buildConfigurationList = 4504D93F1C4E70B6006AE185 /* Build configuration list for PBXProject "JYWeibo-Swift" */;
			compatibilityVersion = "Xcode 3.2";
			developmentRegion = English;
			hasScannedForEncodings = 0;
			knownRegions = (
				en,
				Base,
			);
			mainGroup = 4504D93B1C4E70B6006AE185;
			productRefGroup = 4504D9451C4E70B6006AE185 /* Products */;
			projectDirPath = "";
			projectRoot = "";
			targets = (
				4504D9431C4E70B6006AE185 /* JYWeibo-Swift */,
				4504D9571C4E70B6006AE185 /* JYWeibo-SwiftTests */,
				4504D9621C4E70B6006AE185 /* JYWeibo-SwiftUITests */,
			);
		};
/* End PBXProject section */

/* Begin PBXResourcesBuildPhase section */
		4504D9421C4E70B6006AE185 /* Resources */ = {
			isa = PBXResourcesBuildPhase;
			buildActionMask = 2147483647;
			files = (
				4504D94F1C4E70B6006AE185 /* Assets.xcassets in Resources */,
			);
			runOnlyForDeploymentPostprocessing = 0;
		};
		4504D9561C4E70B6006AE185 /* Resources */ = {
			isa = PBXResourcesBuildPhase;
			buildActionMask = 2147483647;
			files = (
			);
			runOnlyForDeploymentPostprocessing = 0;
		};
		4504D9611C4E70B6006AE185 /* Resources */ = {
			isa = PBXResourcesBuildPhase;
			buildActionMask = 2147483647;
			files = (
			);
			runOnlyForDeploymentPostprocessing = 0;
		};
/* End PBXResourcesBuildPhase section */

/* Begin PBXShellScriptBuildPhase section */
		0D61B428726481D622A47BD2 /* Copy Pods Resources */ = {
			isa = PBXShellScriptBuildPhase;
			buildActionMask = 2147483647;
			files = (
			);
			inputPaths = (
			);
			name = "Copy Pods Resources";
			outputPaths = (
			);
			runOnlyForDeploymentPostprocessing = 0;
			shellPath = /bin/sh;
			shellScript = "\"${SRCROOT}/Pods/Target Support Files/Pods/Pods-resources.sh\"\n";
			showEnvVarsInLog = 0;
		};
		E1AD61105927B6C11B3AC0C5 /* Embed Pods Frameworks */ = {
			isa = PBXShellScriptBuildPhase;
			buildActionMask = 2147483647;
			files = (
			);
			inputPaths = (
			);
			name = "Embed Pods Frameworks";
			outputPaths = (
			);
			runOnlyForDeploymentPostprocessing = 0;
			shellPath = /bin/sh;
			shellScript = "\"${SRCROOT}/Pods/Target Support Files/Pods/Pods-frameworks.sh\"\n";
			showEnvVarsInLog = 0;
		};
		F500C454D38D2CE50A8F84FF /* Check Pods Manifest.lock */ = {
			isa = PBXShellScriptBuildPhase;
			buildActionMask = 2147483647;
			files = (
			);
			inputPaths = (
			);
			name = "Check Pods Manifest.lock";
			outputPaths = (
			);
			runOnlyForDeploymentPostprocessing = 0;
			shellPath = /bin/sh;
			shellScript = "diff \"${PODS_ROOT}/../Podfile.lock\" \"${PODS_ROOT}/Manifest.lock\" > /dev/null\nif [[ $? != 0 ]] ; then\n    cat << EOM\nerror: The sandbox is not in sync with the Podfile.lock. Run 'pod install' or update your CocoaPods installation.\nEOM\n    exit 1\nfi\n";
			showEnvVarsInLog = 0;
		};
/* End PBXShellScriptBuildPhase section */

/* Begin PBXSourcesBuildPhase section */
		4504D9401C4E70B6006AE185 /* Sources */ = {
			isa = PBXSourcesBuildPhase;
			buildActionMask = 2147483647;
			files = (
				45A570CC1C5CB60D005E3A3E /* OAuthViewController.swift in Sources */,
				4504D98C1C4E8142006AE185 /* HomeViewController.swift in Sources */,
				4503C01C1C6A25CB002E6A7E /* StatusTableViewCell.swift in Sources */,
				4504D9801C4E7353006AE185 /* MainViewController.swift in Sources */,
				458AFFED1C5AEFB4000CAF1C /* PopoverViewController.swift in Sources */,
				4503C02D1C6A28CF002E6A7E /* NSDate+Category.swift in Sources */,
				457F91741C79EF460060A1D8 /* StatusNormalTableViewCell.swift in Sources */,
				4504D98A1C4E8138006AE185 /* DiscoverViewController.swift in Sources */,
				4503C01E1C6A2663002E6A7E /* StatusTableViewTopView.swift in Sources */,
				452B2B6B1C5DB8F000B6D083 /* NewfeatureCollectionViewController.swift in Sources */,
				4504D9921C4FCCBB006AE185 /* BaseTableViewController.swift in Sources */,
				45C71FEA1C5FA9740043BB47 /* User.swift in Sources */,
				4504D9901C4E8156006AE185 /* ProfileViewController.swift in Sources */,
				452B2B6D1C5DBFBF00B6D083 /* WelcomeViewController.swift in Sources */,
				45174B1D1C5A5EE500B6545C /* PopoverPresentationController.swift in Sources */,
				45174B251C5A75FD00B6545C /* PopoverAnimator.swift in Sources */,
				4503C0291C6A2864002E6A7E /* String+Category.swift in Sources */,
				457F91761C79EFFB0060A1D8 /* StatusForwardTableViewCell.swift in Sources */,
				4504D98E1C4E814C006AE185 /* MessageViewController.swift in Sources */,
				4504D9481C4E70B6006AE185 /* AppDelegate.swift in Sources */,
				4504D9941C4FCFAA006AE185 /* VisitorView.swift in Sources */,
				4503C02B1C6A2864002E6A7E /* UILabel+Category.swift in Sources */,
				45C2A7A01C567790001E3CD7 /* TitleButton.swift in Sources */,
				4503C02A1C6A2864002E6A7E /* UIButton+Category.swift in Sources */,
				4503C0201C6A26A0002E6A7E /* StatusPictureView.swift in Sources */,
				45C2A79E1C56712D001E3CD7 /* UIBarButtonItem+Category.swift in Sources */,
				45C71FE81C5FA9510043BB47 /* Status.swift in Sources */,
				4503C0161C6A22B9002E6A7E /* StatusTableViewBottomView.swift in Sources */,
				45AD2F7A1C7B58AE00CB4B8C /* HomeRefreshControl.swift in Sources */,
				452B2B661C5D25B800B6D083 /* UserAccount.swift in Sources */,
			);
			runOnlyForDeploymentPostprocessing = 0;
		};
		4504D9541C4E70B6006AE185 /* Sources */ = {
			isa = PBXSourcesBuildPhase;
			buildActionMask = 2147483647;
			files = (
				4504D95D1C4E70B6006AE185 /* JYWeibo_SwiftTests.swift in Sources */,
			);
			runOnlyForDeploymentPostprocessing = 0;
		};
		4504D95F1C4E70B6006AE185 /* Sources */ = {
			isa = PBXSourcesBuildPhase;
			buildActionMask = 2147483647;
			files = (
				4504D9681C4E70B6006AE185 /* JYWeibo_SwiftUITests.swift in Sources */,
			);
			runOnlyForDeploymentPostprocessing = 0;
		};
/* End PBXSourcesBuildPhase section */

/* Begin PBXTargetDependency section */
		4504D95A1C4E70B6006AE185 /* PBXTargetDependency */ = {
			isa = PBXTargetDependency;
			target = 4504D9431C4E70B6006AE185 /* JYWeibo-Swift */;
			targetProxy = 4504D9591C4E70B6006AE185 /* PBXContainerItemProxy */;
		};
		4504D9651C4E70B6006AE185 /* PBXTargetDependency */ = {
			isa = PBXTargetDependency;
			target = 4504D9431C4E70B6006AE185 /* JYWeibo-Swift */;
			targetProxy = 4504D9641C4E70B6006AE185 /* PBXContainerItemProxy */;
		};
/* End PBXTargetDependency section */

/* Begin XCBuildConfiguration section */
		4504D96A1C4E70B6006AE185 /* Debug */ = {
			isa = XCBuildConfiguration;
			buildSettings = {
				ALWAYS_SEARCH_USER_PATHS = NO;
				CLANG_CXX_LANGUAGE_STANDARD = "gnu++0x";
				CLANG_CXX_LIBRARY = "libc++";
				CLANG_ENABLE_MODULES = YES;
				CLANG_ENABLE_OBJC_ARC = YES;
				CLANG_WARN_BOOL_CONVERSION = YES;
				CLANG_WARN_CONSTANT_CONVERSION = YES;
				CLANG_WARN_DIRECT_OBJC_ISA_USAGE = YES_ERROR;
				CLANG_WARN_EMPTY_BODY = YES;
				CLANG_WARN_ENUM_CONVERSION = YES;
				CLANG_WARN_INT_CONVERSION = YES;
				CLANG_WARN_OBJC_ROOT_CLASS = YES_ERROR;
				CLANG_WARN_UNREACHABLE_CODE = YES;
				CLANG_WARN__DUPLICATE_METHOD_MATCH = YES;
				"CODE_SIGN_IDENTITY[sdk=iphoneos*]" = "iPhone Developer";
				COPY_PHASE_STRIP = NO;
				DEBUG_INFORMATION_FORMAT = dwarf;
				ENABLE_STRICT_OBJC_MSGSEND = YES;
				ENABLE_TESTABILITY = YES;
				GCC_C_LANGUAGE_STANDARD = gnu99;
				GCC_DYNAMIC_NO_PIC = NO;
				GCC_NO_COMMON_BLOCKS = YES;
				GCC_OPTIMIZATION_LEVEL = 0;
				GCC_PREPROCESSOR_DEFINITIONS = (
					"DEBUG=1",
					"$(inherited)",
				);
				GCC_WARN_64_TO_32_BIT_CONVERSION = YES;
				GCC_WARN_ABOUT_RETURN_TYPE = YES_ERROR;
				GCC_WARN_UNDECLARED_SELECTOR = YES;
				GCC_WARN_UNINITIALIZED_AUTOS = YES_AGGRESSIVE;
				GCC_WARN_UNUSED_FUNCTION = YES;
				GCC_WARN_UNUSED_VARIABLE = YES;
				IPHONEOS_DEPLOYMENT_TARGET = 9.2;
				MTL_ENABLE_DEBUG_INFO = YES;
				ONLY_ACTIVE_ARCH = YES;
				SDKROOT = iphoneos;
				SWIFT_OPTIMIZATION_LEVEL = "-Onone";
				TARGETED_DEVICE_FAMILY = "1,2";
			};
			name = Debug;
		};
		4504D96B1C4E70B6006AE185 /* Release */ = {
			isa = XCBuildConfiguration;
			buildSettings = {
				ALWAYS_SEARCH_USER_PATHS = NO;
				CLANG_CXX_LANGUAGE_STANDARD = "gnu++0x";
				CLANG_CXX_LIBRARY = "libc++";
				CLANG_ENABLE_MODULES = YES;
				CLANG_ENABLE_OBJC_ARC = YES;
				CLANG_WARN_BOOL_CONVERSION = YES;
				CLANG_WARN_CONSTANT_CONVERSION = YES;
				CLANG_WARN_DIRECT_OBJC_ISA_USAGE = YES_ERROR;
				CLANG_WARN_EMPTY_BODY = YES;
				CLANG_WARN_ENUM_CONVERSION = YES;
				CLANG_WARN_INT_CONVERSION = YES;
				CLANG_WARN_OBJC_ROOT_CLASS = YES_ERROR;
				CLANG_WARN_UNREACHABLE_CODE = YES;
				CLANG_WARN__DUPLICATE_METHOD_MATCH = YES;
				"CODE_SIGN_IDENTITY[sdk=iphoneos*]" = "iPhone Developer";
				COPY_PHASE_STRIP = NO;
				DEBUG_INFORMATION_FORMAT = "dwarf-with-dsym";
				ENABLE_NS_ASSERTIONS = NO;
				ENABLE_STRICT_OBJC_MSGSEND = YES;
				GCC_C_LANGUAGE_STANDARD = gnu99;
				GCC_NO_COMMON_BLOCKS = YES;
				GCC_WARN_64_TO_32_BIT_CONVERSION = YES;
				GCC_WARN_ABOUT_RETURN_TYPE = YES_ERROR;
				GCC_WARN_UNDECLARED_SELECTOR = YES;
				GCC_WARN_UNINITIALIZED_AUTOS = YES_AGGRESSIVE;
				GCC_WARN_UNUSED_FUNCTION = YES;
				GCC_WARN_UNUSED_VARIABLE = YES;
				IPHONEOS_DEPLOYMENT_TARGET = 9.2;
				MTL_ENABLE_DEBUG_INFO = NO;
				SDKROOT = iphoneos;
				TARGETED_DEVICE_FAMILY = "1,2";
				VALIDATE_PRODUCT = YES;
			};
			name = Release;
		};
		4504D96D1C4E70B6006AE185 /* Debug */ = {
			isa = XCBuildConfiguration;
			baseConfigurationReference = DC46E8F7BB2C4D280D7CED94 /* Pods.debug.xcconfig */;
			buildSettings = {
				ASSETCATALOG_COMPILER_APPICON_NAME = AppIcon;
				ASSETCATALOG_COMPILER_LAUNCHIMAGE_NAME = "Brand Assets";
				FRAMEWORK_SEARCH_PATHS = (
					"$(inherited)",
					"$(PROJECT_DIR)",
				);
				INFOPLIST_FILE = "JYWeibo-Swift/Info.plist";
				LD_RUNPATH_SEARCH_PATHS = "$(inherited) @executable_path/Frameworks";
				PRODUCT_BUNDLE_IDENTIFIER = "cn.Jatstar.JYWeibo-Swift";
				PRODUCT_NAME = "$(TARGET_NAME)";
				TARGETED_DEVICE_FAMILY = 1;
			};
			name = Debug;
		};
		4504D96E1C4E70B6006AE185 /* Release */ = {
			isa = XCBuildConfiguration;
			baseConfigurationReference = 5874E83C312D8EEC9473F5B5 /* Pods.release.xcconfig */;
			buildSettings = {
				ASSETCATALOG_COMPILER_APPICON_NAME = AppIcon;
				ASSETCATALOG_COMPILER_LAUNCHIMAGE_NAME = "Brand Assets";
				FRAMEWORK_SEARCH_PATHS = (
					"$(inherited)",
					"$(PROJECT_DIR)",
				);
				INFOPLIST_FILE = "JYWeibo-Swift/Info.plist";
				LD_RUNPATH_SEARCH_PATHS = "$(inherited) @executable_path/Frameworks";
				PRODUCT_BUNDLE_IDENTIFIER = "cn.Jatstar.JYWeibo-Swift";
				PRODUCT_NAME = "$(TARGET_NAME)";
				TARGETED_DEVICE_FAMILY = 1;
			};
			name = Release;
		};
		4504D9701C4E70B6006AE185 /* Debug */ = {
			isa = XCBuildConfiguration;
			buildSettings = {
				BUNDLE_LOADER = "$(TEST_HOST)";
				INFOPLIST_FILE = "JYWeibo-SwiftTests/Info.plist";
				LD_RUNPATH_SEARCH_PATHS = "$(inherited) @executable_path/Frameworks @loader_path/Frameworks";
				PRODUCT_BUNDLE_IDENTIFIER = "cn.Jatstar.JYWeibo-SwiftTests";
				PRODUCT_NAME = "$(TARGET_NAME)";
				TEST_HOST = "$(BUILT_PRODUCTS_DIR)/JYWeibo-Swift.app/JYWeibo-Swift";
			};
			name = Debug;
		};
		4504D9711C4E70B6006AE185 /* Release */ = {
			isa = XCBuildConfiguration;
			buildSettings = {
				BUNDLE_LOADER = "$(TEST_HOST)";
				INFOPLIST_FILE = "JYWeibo-SwiftTests/Info.plist";
				LD_RUNPATH_SEARCH_PATHS = "$(inherited) @executable_path/Frameworks @loader_path/Frameworks";
				PRODUCT_BUNDLE_IDENTIFIER = "cn.Jatstar.JYWeibo-SwiftTests";
				PRODUCT_NAME = "$(TARGET_NAME)";
				TEST_HOST = "$(BUILT_PRODUCTS_DIR)/JYWeibo-Swift.app/JYWeibo-Swift";
			};
			name = Release;
		};
		4504D9731C4E70B6006AE185 /* Debug */ = {
			isa = XCBuildConfiguration;
			buildSettings = {
				INFOPLIST_FILE = "JYWeibo-SwiftUITests/Info.plist";
				LD_RUNPATH_SEARCH_PATHS = "$(inherited) @executable_path/Frameworks @loader_path/Frameworks";
				PRODUCT_BUNDLE_IDENTIFIER = "cn.Jatstar.JYWeibo-SwiftUITests";
				PRODUCT_NAME = "$(TARGET_NAME)";
				TEST_TARGET_NAME = "JYWeibo-Swift";
				USES_XCTRUNNER = YES;
			};
			name = Debug;
		};
		4504D9741C4E70B6006AE185 /* Release */ = {
			isa = XCBuildConfiguration;
			buildSettings = {
				INFOPLIST_FILE = "JYWeibo-SwiftUITests/Info.plist";
				LD_RUNPATH_SEARCH_PATHS = "$(inherited) @executable_path/Frameworks @loader_path/Frameworks";
				PRODUCT_BUNDLE_IDENTIFIER = "cn.Jatstar.JYWeibo-SwiftUITests";
				PRODUCT_NAME = "$(TARGET_NAME)";
				TEST_TARGET_NAME = "JYWeibo-Swift";
				USES_XCTRUNNER = YES;
			};
			name = Release;
		};
/* End XCBuildConfiguration section */

/* Begin XCConfigurationList section */
		4504D93F1C4E70B6006AE185 /* Build configuration list for PBXProject "JYWeibo-Swift" */ = {
			isa = XCConfigurationList;
			buildConfigurations = (
				4504D96A1C4E70B6006AE185 /* Debug */,
				4504D96B1C4E70B6006AE185 /* Release */,
			);
			defaultConfigurationIsVisible = 0;
			defaultConfigurationName = Release;
		};
		4504D96C1C4E70B6006AE185 /* Build configuration list for PBXNativeTarget "JYWeibo-Swift" */ = {
			isa = XCConfigurationList;
			buildConfigurations = (
				4504D96D1C4E70B6006AE185 /* Debug */,
				4504D96E1C4E70B6006AE185 /* Release */,
			);
			defaultConfigurationIsVisible = 0;
			defaultConfigurationName = Release;
		};
		4504D96F1C4E70B6006AE185 /* Build configuration list for PBXNativeTarget "JYWeibo-SwiftTests" */ = {
			isa = XCConfigurationList;
			buildConfigurations = (
				4504D9701C4E70B6006AE185 /* Debug */,
				4504D9711C4E70B6006AE185 /* Release */,
			);
			defaultConfigurationIsVisible = 0;
			defaultConfigurationName = Release;
		};
		4504D9721C4E70B6006AE185 /* Build configuration list for PBXNativeTarget "JYWeibo-SwiftUITests" */ = {
			isa = XCConfigurationList;
			buildConfigurations = (
				4504D9731C4E70B6006AE185 /* Debug */,
				4504D9741C4E70B6006AE185 /* Release */,
			);
			defaultConfigurationIsVisible = 0;
			defaultConfigurationName = Release;
		};
/* End XCConfigurationList section */
	};
	rootObject = 4504D93C1C4E70B6006AE185 /* Project object */;
}
